
Microsoft Visual Studio Solution File, Format Version 12.00
# Visual Studio Version 17
VisualStudioVersion = 17.10.35013.160
MinimumVisualStudioVersion = 10.0.40219.1
Project("{9A19103F-16F7-4668-BE54-9A1E7A4F7556}") = "if-else", "if-else.csproj", "{8D37C331-8CA1-4C20-94BE-F6DCB94C7772}"
EndProject
Global
	GlobalSection(SolutionConfigurationPlatforms) = preSolution
		Debug|Any CPU = Debug|Any CPU
		Release|Any CPU = Release|Any CPU
	EndGlobalSection
	GlobalSection(ProjectConfigurationPlatforms) = postSolution
		{8D37C331-8CA1-4C20-94BE-F6DCB94C7772}.Debug|Any CPU.ActiveCfg = Debug|Any CPU
		{8D37C331-8CA1-4C20-94BE-F6DCB94C7772}.Debug|Any CPU.Build.0 = Debug|Any CPU
		{8D37C331-8CA1-4C20-94BE-F6DCB94C7772}.Release|Any CPU.ActiveCfg = Release|Any CPU
		{8D37C331-8CA1-4C20-94BE-F6DCB94C7772}.Release|Any CPU.Build.0 = Release|Any CPU
	EndGlobalSection
	GlobalSection(SolutionProperties) = preSolution
		HideSolutionNode = FALSE
	EndGlobalSection
	GlobalSection(ExtensibilityGlobals) = postSolution
		SolutionGuid = {7F1BB0C4-31AB-4034-889F-8C8877A427C7}
	EndGlobalSection
EndGlobal
